{
  "name": "ngx-sprout-content",
  "version": "0.0.10",
  "lockfileVersion": 1,
  "requires": true,
  "dependencies": {
    "@angular/cdk": {
      "version": "10.1.2",
      "resolved": "https://registry.npmjs.org/@angular/cdk/-/cdk-10.1.2.tgz",
      "integrity": "sha512-nK2+UppQvD8wz4Ur0MAa9mVKa1rZsJLYmJtZzQ0tRNFdgdhCQZe/PIYxvrR0uByoe5lYsjtKESjltb9PxZE08g==",
      "dev": true,
      "requires": {
        "parse5": "^5.0.0",
        "tslib": "^2.0.0"
      }
    },
    "@angular/flex-layout": {
      "version": "10.0.0-beta.32",
      "resolved": "https://registry.npmjs.org/@angular/flex-layout/-/flex-layout-10.0.0-beta.32.tgz",
      "integrity": "sha512-JvuY4dUoy5jyCTIrFiq7n30Znakh1pD3nbg0h0hs2r3t1OiDQb0ZSI1wcumosG/vYHsuJQTuNhbfaIZzA1x8nA==",
      "dev": true,
      "requires": {
        "tslib": "^2.0.0"
      }
    },
    "@angular/material": {
      "version": "10.1.2",
      "resolved": "https://registry.npmjs.org/@angular/material/-/material-10.1.2.tgz",
      "integrity": "sha512-iNSfkPdRfXPW+VJQ66qKQvmR5FCQY/ZP1Vz+bi+fYsdNrT/yYEA8UT9xcAMw5C14i4d86zpIk3hSC0hz+9vQtQ==",
      "dev": true,
      "requires": {
        "tslib": "^2.0.0"
      }
    },
    "@lagoshny/ngx-hal-client": {
      "version": "1.1.3",
      "resolved": "https://registry.npmjs.org/@lagoshny/ngx-hal-client/-/ngx-hal-client-1.1.3.tgz",
      "integrity": "sha512-QOPDuCOGMApbXO/lW/zUpbnU34YpFK3letDjvv2e+zj6fxM7C7fonCW5EBC5GNkXYhKooRdrhgO+v4/PZdO+nw==",
      "dev": true,
      "requires": {
        "tslib": "^2.0.0",
        "uri-templates": "^0.2.0"
      },
      "dependencies": {
        "tslib": {
          "version": "2.0.1",
          "resolved": "https://registry.npmjs.org/tslib/-/tslib-2.0.1.tgz",
          "integrity": "sha512-SgIkNheinmEBgx1IUNirK0TUD4X9yjjBRTqqjggWCU3pUEqIk3/Uwl3yRixYKT6WjQuGiwDv4NomL3wqRCj+CQ==",
          "dev": true
        }
      }
    },
    "@savantly/ngx-jsoneditor": {
      "version": "1.2.9",
      "resolved": "https://registry.npmjs.org/@savantly/ngx-jsoneditor/-/ngx-jsoneditor-1.2.9.tgz",
      "integrity": "sha512-qKPrvEWh16WCZiFmuK7Jx0TVo0/s50T1A5Nk72bMyVAwQEdsWIL+fB5X1n5kEUq9dktR0njpUd32z3CdebVLrg==",
      "dev": true,
      "requires": {
        "jsoneditor": "^5.13.3",
        "tslib": "^1.7.1"
      },
      "dependencies": {
        "tslib": {
          "version": "1.13.0",
          "resolved": "https://registry.npmjs.org/tslib/-/tslib-1.13.0.tgz",
          "integrity": "sha512-i/6DQjL8Xf3be4K/E6Wgpekn5Qasl1usyw++dAA35Ue5orEn65VIxOA+YvNNl9HV3qv70T7CNwjODHZrLwvd1Q==",
          "dev": true
        }
      }
    },
    "@sphinxxxx/color-conversion": {
      "version": "2.2.2",
      "resolved": "https://registry.npmjs.org/@sphinxxxx/color-conversion/-/color-conversion-2.2.2.tgz",
      "integrity": "sha512-XExJS3cLqgrmNBIP3bBw6+1oQ1ksGjFh0+oClDKFYpCCqx/hlqwWO5KO/S63fzUo67SxI9dMrF0y5T/Ey7h8Zw==",
      "dev": true
    },
    "ajv": {
      "version": "5.5.2",
      "resolved": "https://registry.npmjs.org/ajv/-/ajv-5.5.2.tgz",
      "integrity": "sha1-c7Xuyj+rZT49P5Qis0GtQiBdyWU=",
      "dev": true,
      "requires": {
        "co": "^4.6.0",
        "fast-deep-equal": "^1.0.0",
        "fast-json-stable-stringify": "^2.0.0",
        "json-schema-traverse": "^0.3.0"
      }
    },
    "brace": {
      "version": "0.11.1",
      "resolved": "https://registry.npmjs.org/brace/-/brace-0.11.1.tgz",
      "integrity": "sha1-SJb8ydVE7vRfS7dmDbMg07N5/lg=",
      "dev": true
    },
    "co": {
      "version": "4.6.0",
      "resolved": "https://registry.npmjs.org/co/-/co-4.6.0.tgz",
      "integrity": "sha1-bqa989hTrlTMuOR7+gvz+QMfsYQ=",
      "dev": true
    },
    "drag-tracker": {
      "version": "1.0.0",
      "resolved": "https://registry.npmjs.org/drag-tracker/-/drag-tracker-1.0.0.tgz",
      "integrity": "sha1-m9M9OAvDBW22m9Wzz24GL+xYvWQ=",
      "dev": true
    },
    "fast-deep-equal": {
      "version": "1.1.0",
      "resolved": "https://registry.npmjs.org/fast-deep-equal/-/fast-deep-equal-1.1.0.tgz",
      "integrity": "sha1-wFNHeBfIa1HaqFPIHgWbcz0CNhQ=",
      "dev": true
    },
    "fast-json-stable-stringify": {
      "version": "2.1.0",
      "resolved": "https://registry.npmjs.org/fast-json-stable-stringify/-/fast-json-stable-stringify-2.1.0.tgz",
      "integrity": "sha512-lhd/wF+Lk98HZoTCtlVraHtfh5XYijIjalXck7saUtuanSDyLMxnHhSXEDJqHxD7msR8D0uCmqlkwjCV8xvwHw==",
      "dev": true
    },
    "javascript-natural-sort": {
      "version": "0.7.1",
      "resolved": "https://registry.npmjs.org/javascript-natural-sort/-/javascript-natural-sort-0.7.1.tgz",
      "integrity": "sha1-+eIwPUUH9tdDVac2ZNFED7Wg71k=",
      "dev": true
    },
    "jmespath": {
      "version": "0.15.0",
      "resolved": "https://registry.npmjs.org/jmespath/-/jmespath-0.15.0.tgz",
      "integrity": "sha1-o/Iiqarp+Wb10nx5ZRDigJF2Qhc=",
      "dev": true
    },
    "json-schema-traverse": {
      "version": "0.3.1",
      "resolved": "https://registry.npmjs.org/json-schema-traverse/-/json-schema-traverse-0.3.1.tgz",
      "integrity": "sha1-NJptRMU6Ud6JtAgFxdXlm0F9M0A=",
      "dev": true
    },
    "json-source-map": {
      "version": "0.4.0",
      "resolved": "https://registry.npmjs.org/json-source-map/-/json-source-map-0.4.0.tgz",
      "integrity": "sha1-7qg3/jzi8r/VsTaHd5QGNUQjw1U=",
      "dev": true
    },
    "jsoneditor": {
      "version": "5.34.0",
      "resolved": "https://registry.npmjs.org/jsoneditor/-/jsoneditor-5.34.0.tgz",
      "integrity": "sha512-/F7L6oXuRkv2/FKFIL4NMWF0P+oVvSWLJPVEVP/7KGehBj6dtOp5FKdfLcNkIgbqzklXx/NDzHSXYlf64wqmuQ==",
      "dev": true,
      "requires": {
        "ajv": "5.5.2",
        "brace": "0.11.1",
        "javascript-natural-sort": "0.7.1",
        "jmespath": "0.15.0",
        "json-source-map": "0.4.0",
        "mobius1-selectr": "2.4.10",
        "picomodal": "3.0.0",
        "vanilla-picker": "2.8.0"
      }
    },
    "mobius1-selectr": {
      "version": "2.4.10",
      "resolved": "https://registry.npmjs.org/mobius1-selectr/-/mobius1-selectr-2.4.10.tgz",
      "integrity": "sha512-U/pQ8jZwO7z3Mf9OYzJR6AKfleF5jSBIueKKxGMr/tgyLuTWgchgFyeaXpAIz3Cbp+7eIN1hw5D2gxc4cNnOkQ==",
      "dev": true
    },
    "ng2-ckeditor": {
      "version": "1.2.9",
      "resolved": "https://registry.npmjs.org/ng2-ckeditor/-/ng2-ckeditor-1.2.9.tgz",
      "integrity": "sha512-Olsq3fWc7eG8BsVDgCW9NZFuUfay1VJ9c2QlzLbtXoxilwRhtHJsPxuAjE9DjxhQWgYa0TSgosk43JKkBqT2lQ==",
      "dev": true,
      "requires": {
        "tslib": "^2.0.0"
      },
      "dependencies": {
        "tslib": {
          "version": "2.0.1",
          "resolved": "https://registry.npmjs.org/tslib/-/tslib-2.0.1.tgz",
          "integrity": "sha512-SgIkNheinmEBgx1IUNirK0TUD4X9yjjBRTqqjggWCU3pUEqIk3/Uwl3yRixYKT6WjQuGiwDv4NomL3wqRCj+CQ==",
          "dev": true
        }
      }
    },
    "ngx-markdown-editor": {
      "version": "3.2.3",
      "resolved": "https://registry.npmjs.org/ngx-markdown-editor/-/ngx-markdown-editor-3.2.3.tgz",
      "integrity": "sha512-g2ZVUCsfDFJaDziQ24e2iL/CrfMsgPu4+/Xx+4Bb3K+L0Y5ArYWSg/uRCkPirMGVNLo3oFjF4Qtlr/4KTphhnQ==",
      "dev": true
    },
    "parse5": {
      "version": "5.1.1",
      "resolved": "https://registry.npmjs.org/parse5/-/parse5-5.1.1.tgz",
      "integrity": "sha512-ugq4DFI0Ptb+WWjAdOK16+u/nHfiIrcE+sh8kZMaM0WllQKLI9rOUq6c2b7cwPkXdzfQESqvoqK6ug7U/Yyzug==",
      "dev": true,
      "optional": true
    },
    "picomodal": {
      "version": "3.0.0",
      "resolved": "https://registry.npmjs.org/picomodal/-/picomodal-3.0.0.tgz",
      "integrity": "sha1-+s0w9PvzSoCcHgTqUl8ATzmcC4I=",
      "dev": true
    },
    "rxjs": {
      "version": "6.6.2",
      "resolved": "https://registry.npmjs.org/rxjs/-/rxjs-6.6.2.tgz",
      "integrity": "sha512-BHdBMVoWC2sL26w//BCu3YzKT4s2jip/WhwsGEDmeKYBhKDZeYezVUnHatYB7L85v5xs0BAQmg6BEYJEKxBabg==",
      "dev": true,
      "requires": {
        "tslib": "^1.9.0"
      },
      "dependencies": {
        "tslib": {
          "version": "1.13.0",
          "resolved": "https://registry.npmjs.org/tslib/-/tslib-1.13.0.tgz",
          "integrity": "sha512-i/6DQjL8Xf3be4K/E6Wgpekn5Qasl1usyw++dAA35Ue5orEn65VIxOA+YvNNl9HV3qv70T7CNwjODHZrLwvd1Q==",
          "dev": true
        }
      }
    },
    "tslib": {
      "version": "2.0.1",
      "resolved": "https://registry.npmjs.org/tslib/-/tslib-2.0.1.tgz",
      "integrity": "sha512-SgIkNheinmEBgx1IUNirK0TUD4X9yjjBRTqqjggWCU3pUEqIk3/Uwl3yRixYKT6WjQuGiwDv4NomL3wqRCj+CQ=="
    },
    "uri-templates": {
      "version": "0.2.0",
      "resolved": "https://registry.npmjs.org/uri-templates/-/uri-templates-0.2.0.tgz",
      "integrity": "sha1-K1eEURzJCYaHMekjPCaAl9ELSZ8=",
      "dev": true
    },
    "vanilla-picker": {
      "version": "2.8.0",
      "resolved": "https://registry.npmjs.org/vanilla-picker/-/vanilla-picker-2.8.0.tgz",
      "integrity": "sha512-NPBxrtLi2LA2mEyRLW+Lyt7Eqtm0t0SmKqscE5RaugXLtJXXjPzy6r65fqLiQkhRc2WoLnmj2m/EnTWKN4hL+g==",
      "dev": true,
      "requires": {
        "@sphinxxxx/color-conversion": "^2.2.1",
        "drag-tracker": "^1.0.0"
      }
    }
  }
}
